
Microsoft Visual Studio Solution File, Format Version 12.00
# Visual Studio Version 16
VisualStudioVersion = 16.0.29424.173
MinimumVisualStudioVersion = 10.0.40219.1
Project("{FAE04EC0-301F-11D3-BF4B-00C04F79EFBC}") = "EulerProblem2", "EulerProblem2\EulerProblem2.csproj", "{BAA68E1D-4304-4739-9765-FC27A312828B}"
EndProject
Global
	GlobalSection(SolutionConfigurationPlatforms) = preSolution
		Debug|Any CPU = Debug|Any CPU
		Release|Any CPU = Release|Any CPU
	EndGlobalSection
	GlobalSection(ProjectConfigurationPlatforms) = postSolution
		{BAA68E1D-4304-4739-9765-FC27A312828B}.Debug|Any CPU.ActiveCfg = Debug|Any CPU
		{BAA68E1D-4304-4739-9765-FC27A312828B}.Debug|Any CPU.Build.0 = Debug|Any CPU
		{BAA68E1D-4304-4739-9765-FC27A312828B}.Release|Any CPU.ActiveCfg = Release|Any CPU
		{BAA68E1D-4304-4739-9765-FC27A312828B}.Release|Any CPU.Build.0 = Release|Any CPU
	EndGlobalSection
	GlobalSection(SolutionProperties) = preSolution
		HideSolutionNode = FALSE
	EndGlobalSection
	GlobalSection(ExtensibilityGlobals) = postSolution
		SolutionGuid = {CA7055C7-0957-4C2D-B22F-11A1BCD2DA5E}
	EndGlobalSection
EndGlobal
