
Microsoft Visual Studio Solution File, Format Version 12.00
# Visual Studio Version 16
VisualStudioVersion = 16.0.29424.173
MinimumVisualStudioVersion = 10.0.40219.1
Project("{FAE04EC0-301F-11D3-BF4B-00C04F79EFBC}") = "EulerProblem1", "EulerProblem1\EulerProblem1.csproj", "{B202BA8D-88B6-40D1-9DAF-3B57EFEEC9CC}"
EndProject
Global
	GlobalSection(SolutionConfigurationPlatforms) = preSolution
		Debug|Any CPU = Debug|Any CPU
		Release|Any CPU = Release|Any CPU
	EndGlobalSection
	GlobalSection(ProjectConfigurationPlatforms) = postSolution
		{B202BA8D-88B6-40D1-9DAF-3B57EFEEC9CC}.Debug|Any CPU.ActiveCfg = Debug|Any CPU
		{B202BA8D-88B6-40D1-9DAF-3B57EFEEC9CC}.Debug|Any CPU.Build.0 = Debug|Any CPU
		{B202BA8D-88B6-40D1-9DAF-3B57EFEEC9CC}.Release|Any CPU.ActiveCfg = Release|Any CPU
		{B202BA8D-88B6-40D1-9DAF-3B57EFEEC9CC}.Release|Any CPU.Build.0 = Release|Any CPU
	EndGlobalSection
	GlobalSection(SolutionProperties) = preSolution
		HideSolutionNode = FALSE
	EndGlobalSection
	GlobalSection(ExtensibilityGlobals) = postSolution
		SolutionGuid = {3166375D-D2A8-4946-B213-7040780A5B43}
	EndGlobalSection
EndGlobal
